// !$*UTF8*$!
{
	archiveVersion = 1;
	classes = {
	};
	objectVersion = 46;
	objects = {

/* Begin PBXBuildFile section */
		0493CD691E67ABC8005AFFB5 /* main.m in Sources */ = {isa = PBXBuildFile; fileRef = 0493CD681E67ABC8005AFFB5 /* main.m */; };
		0493CD6C1E67ABC8005AFFB5 /* AppDelegate.m in Sources */ = {isa = PBXBuildFile; fileRef = 0493CD6B1E67ABC8005AFFB5 /* AppDelegate.m */; };
		0493CD6F1E67ABC8005AFFB5 /* ViewController.m in Sources */ = {isa = PBXBuildFile; fileRef = 0493CD6E1E67ABC8005AFFB5 /* ViewController.m */; };
		0493CD721E67ABC8005AFFB5 /* Main.storyboard in Resources */ = {isa = PBXBuildFile; fileRef = 0493CD701E67ABC8005AFFB5 /* Main.storyboard */; };
		0493CD741E67ABC8005AFFB5 /* Assets.xcassets in Resources */ = {isa = PBXBuildFile; fileRef = 0493CD731E67ABC8005AFFB5 /* Assets.xcassets */; };
		0493CD771E67ABC8005AFFB5 /* LaunchScreen.storyboard in Resources */ = {isa = PBXBuildFile; fileRef = 0493CD751E67ABC8005AFFB5 /* LaunchScreen.storyboard */; };
/* End PBXBuildFile section */

/* Begin PBXFileReference section */
		0493CD641E67ABC8005AFFB5 /* RuntimeSummary.app */ = {isa = PBXFileReference; explicitFileType = wrapper.application; includeInIndex = 0; path = RuntimeSummary.app; sourceTree = BUILT_PRODUCTS_DIR; };
		0493CD681E67ABC8005AFFB5 /* main.m */ = {isa = PBXFileReference; lastKnownFileType = sourcecode.c.objc; path = main.m; sourceTree = "<group>"; };
		0493CD6A1E67ABC8005AFFB5 /* AppDelegate.h */ = {isa = PBXFileReference; lastKnownFileType = sourcecode.c.h; path = AppDelegate.h; sourceTree = "<group>"; };
		0493CD6B1E67ABC8005AFFB5 /* AppDelegate.m */ = {isa = PBXFileReference; lastKnownFileType = sourcecode.c.objc; path = AppDelegate.m; sourceTree = "<group>"; };
		0493CD6D1E67ABC8005AFFB5 /* ViewController.h */ = {isa = PBXFileReference; lastKnownFileType = sourcecode.c.h; path = ViewController.h; sourceTree = "<group>"; };
		0493CD6E1E67ABC8005AFFB5 /* ViewController.m */ = {isa = PBXFileReference; lastKnownFileType = sourcecode.c.objc; path = ViewController.m; sourceTree = "<group>"; };
		0493CD711E67ABC8005AFFB5 /* Base */ = {isa = PBXFileReference; lastKnownFileType = file.storyboard; name = Base; path = Base.lproj/Main.storyboard; sourceTree = "<group>"; };
		0493CD731E67ABC8005AFFB5 /* Assets.xcassets */ = {isa = PBXFileReference; lastKnownFileType = folder.assetcatalog; path = Assets.xcassets; sourceTree = "<group>"; };
		0493CD761E67ABC8005AFFB5 /* Base */ = {isa = PBXFileReference; lastKnownFileType = file.storyboard; name = Base; path = Base.lproj/LaunchScreen.storyboard; sourceTree = "<group>"; };
		0493CD781E67ABC8005AFFB5 /* Info.plist */ = {isa = PBXFileReference; lastKnownFileType = text.plist.xml; path = Info.plist; sourceTree = "<group>"; };
/* End PBXFileReference section */

/* Begin PBXFrameworksBuildPhase section */
		0493CD611E67ABC7005AFFB5 /* Frameworks */ = {
			isa = PBXFrameworksBuildPhase;
			buildActionMask = 2147483647;
			files = (
			);
			runOnlyForDeploymentPostprocessing = 0;
		};
/* End PBXFrameworksBuildPhase section */

/* Begin PBXGroup section */
		0493CD5B1E67ABC7005AFFB5 = {
			isa = PBXGroup;
			children = (
				0493CD661E67ABC8005AFFB5 /* RuntimeSummary */,
				0493CD651E67ABC8005AFFB5 /* Products */,
			);
			sourceTree = "<group>";
		};
		0493CD651E67ABC8005AFFB5 /* Products */ = {
			isa = PBXGroup;
			children = (
				0493CD641E67ABC8005AFFB5 /* RuntimeSummary.app */,
			);
			name = Products;
			sourceTree = "<group>";
		};
		0493CD661E67ABC8005AFFB5 /* RuntimeSummary */ = {
			isa = PBXGroup;
			children = (
				0493CD6A1E67ABC8005AFFB5 /* AppDelegate.h */,
				0493CD6B1E67ABC8005AFFB5 /* AppDelegate.m */,
				0493CD6D1E67ABC8005AFFB5 /* ViewController.h */,
				0493CD6E1E67ABC8005AFFB5 /* ViewController.m */,
				0493CD701E67ABC8005AFFB5 /* Main.storyboard */,
				0493CD731E67ABC8005AFFB5 /* Assets.xcassets */,
				0493CD751E67ABC8005AFFB5 /* LaunchScreen.storyboard */,
				0493CD781E67ABC8005AFFB5 /* Info.plist */,
				0493CD671E67ABC8005AFFB5 /* Supporting Files */,
			);
			path = RuntimeSummary;
			sourceTree = "<group>";
		};
		0493CD671E67ABC8005AFFB5 /* Supporting Files */ = {
			isa = PBXGroup;
			children = (
				0493CD681E67ABC8005AFFB5 /* main.m */,
			);
			name = "Supporting Files";
			sourceTree = "<group>";
		};
/* End PBXGroup section */

/* Begin PBXNativeTarget section */
		0493CD631E67ABC7005AFFB5 /* RuntimeSummary */ = {
			isa = PBXNativeTarget;
			buildConfigurationList = 0493CD7B1E67ABC8005AFFB5 /* Build configuration list for PBXNativeTarget "RuntimeSummary" */;
			buildPhases = (
				0493CD601E67ABC7005AFFB5 /* Sources */,
				0493CD611E67ABC7005AFFB5 /* Frameworks */,
				0493CD621E67ABC7005AFFB5 /* Resources */,
			);
			buildRules = (
			);
			dependencies = (
			);
			name = RuntimeSummary;
			productName = RuntimeSummary;
			productReference = 0493CD641E67ABC8005AFFB5 /* RuntimeSummary.app */;
			productType = "com.apple.product-type.application";
		};
/* End PBXNativeTarget section */

/* Begin PBXProject section */
		0493CD5C1E67ABC7005AFFB5 /* Project object */ = {
			isa = PBXProject;
			attributes = {
				LastUpgradeCheck = 0810;
				ORGANIZATIONNAME = Jason;
				TargetAttributes = {
					0493CD631E67ABC7005AFFB5 = {
						CreatedOnToolsVersion = 8.1;
						ProvisioningStyle = Automatic;
					};
				};
			};
			buildConfigurationList = 0493CD5F1E67ABC7005AFFB5 /* Build configuration list for PBXProject "RuntimeSummary" */;
			compatibilityVersion = "Xcode 3.2";
			developmentRegion = English;
			hasScannedForEncodings = 0;
			knownRegions = (
				en,
				Base,
			);
			mainGroup = 0493CD5B1E67ABC7005AFFB5;
			productRefGroup = 0493CD651E67ABC8005AFFB5 /* Products */;
			projectDirPath = "";
			projectRoot = "";
			targets = (
				0493CD631E67ABC7005AFFB5 /* RuntimeSummary */,
			);
		};
/* End PBXProject section */

/* Begin PBXResourcesBuildPhase section */
		0493CD621E67ABC7005AFFB5 /* Resources */ = {
			isa = PBXResourcesBuildPhase;
			buildActionMask = 2147483647;
			files = (
				0493CD771E67ABC8005AFFB5 /* LaunchScreen.storyboard in Resources */,
				0493CD741E67ABC8005AFFB5 /* Assets.xcassets in Resources */,
				0493CD721E67ABC8005AFFB5 /* Main.storyboard in Resources */,
			);
			runOnlyForDeploymentPostprocessing = 0;
		};
/* End PBXResourcesBuildPhase section */

/* Begin PBXSourcesBuildPhase section */
		0493CD601E67ABC7005AFFB5 /* Sources */ = {
			isa = PBXSourcesBuildPhase;
			buildActionMask = 2147483647;
			files = (
				0493CD6F1E67ABC8005AFFB5 /* ViewController.m in Sources */,
				0493CD6C1E67ABC8005AFFB5 /* AppDelegate.m in Sources */,
				0493CD691E67ABC8005AFFB5 /* main.m in Sources */,
			);
			runOnlyForDeploymentPostprocessing = 0;
		};
/* End PBXSourcesBuildPhase section */

/* Begin PBXVariantGroup section */
		0493CD701E67ABC8005AFFB5 /* Main.storyboard */ = {
			isa = PBXVariantGroup;
			children = (
				0493CD711E67ABC8005AFFB5 /* Base */,
			);
			name = Main.storyboard;
			sourceTree = "<group>";
		};
		0493CD751E67ABC8005AFFB5 /* LaunchScreen.storyboard */ = {
			isa = PBXVariantGroup;
			children = (
				0493CD761E67ABC8005AFFB5 /* Base */,
			);
			name = LaunchScreen.storyboard;
			sourceTree = "<group>";
		};
/* End PBXVariantGroup section */

/* Begin XCBuildConfiguration section */
		0493CD791E67ABC8005AFFB5 /* Debug */ = {
			isa = XCBuildConfiguration;
			buildSettings = {
				ALWAYS_SEARCH_USER_PATHS = NO;
				CLANG_ANALYZER_NONNULL = YES;
				CLANG_CXX_LANGUAGE_STANDARD = "gnu++0x";
				CLANG_CXX_LIBRARY = "libc++";
				CLANG_ENABLE_MODULES = YES;
				CLANG_ENABLE_OBJC_ARC = YES;
				CLANG_WARN_BOOL_CONVERSION = YES;
				CLANG_WARN_CONSTANT_CONVERSION = YES;
				CLANG_WARN_DIRECT_OBJC_ISA_USAGE = YES_ERROR;
				CLANG_WARN_DOCUMENTATION_COMMENTS = YES;
				CLANG_WARN_EMPTY_BODY = YES;
				CLANG_WARN_ENUM_CONVERSION = YES;
				CLANG_WARN_INFINITE_RECURSION = YES;
				CLANG_WARN_INT_CONVERSION = YES;
				CLANG_WARN_OBJC_ROOT_CLASS = YES_ERROR;
				CLANG_WARN_SUSPICIOUS_MOVES = YES;
				CLANG_WARN_UNREACHABLE_CODE = YES;
				CLANG_WARN__DUPLICATE_METHOD_MATCH = YES;
				"CODE_SIGN_IDENTITY[sdk=iphoneos*]" = "iPhone Developer";
				COPY_PHASE_STRIP = NO;
				DEBUG_INFORMATION_FORMAT = dwarf;
				ENABLE_STRICT_OBJC_MSGSEND = YES;
				ENABLE_TESTABILITY = YES;
				GCC_C_LANGUAGE_STANDARD = gnu99;
				GCC_DYNAMIC_NO_PIC = NO;
				GCC_NO_COMMON_BLOCKS = YES;
				GCC_OPTIMIZATION_LEVEL = 0;
				GCC_PREPROCESSOR_DEFINITIONS = (
					"DEBUG=1",
					"$(inherited)",
				);
				GCC_WARN_64_TO_32_BIT_CONVERSION = YES;
				GCC_WARN_ABOUT_RETURN_TYPE = YES_ERROR;
				GCC_WARN_UNDECLARED_SELECTOR = YES;
				GCC_WARN_UNINITIALIZED_AUTOS = YES_AGGRESSIVE;
				GCC_WARN_UNUSED_FUNCTION = YES;
				GCC_WARN_UNUSED_VARIABLE = YES;
				IPHONEOS_DEPLOYMENT_TARGET = 10.1;
				MTL_ENABLE_DEBUG_INFO = YES;
				ONLY_ACTIVE_ARCH = YES;
				SDKROOT = iphoneos;
			};
			name = Debug;
		};
		0493CD7A1E67ABC8005AFFB5 /* Release */ = {
			isa = XCBuildConfiguration;
			buildSettings = {
				ALWAYS_SEARCH_USER_PATHS = NO;
				CLANG_ANALYZER_NONNULL = YES;
				CLANG_CXX_LANGUAGE_STANDARD = "gnu++0x";
				CLANG_CXX_LIBRARY = "libc++";
				CLANG_ENABLE_MODULES = YES;
				CLANG_ENABLE_OBJC_ARC = YES;
				CLANG_WARN_BOOL_CONVERSION = YES;
				CLANG_WARN_CONSTANT_CONVERSION = YES;
				CLANG_WARN_DIRECT_OBJC_ISA_USAGE = YES_ERROR;
				CLANG_WARN_DOCUMENTATION_COMMENTS = YES;
				CLANG_WARN_EMPTY_BODY = YES;
				CLANG_WARN_ENUM_CONVERSION = YES;
				CLANG_WARN_INFINITE_RECURSION = YES;
				CLANG_WARN_INT_CONVERSION = YES;
				CLANG_WARN_OBJC_ROOT_CLASS = YES_ERROR;
				CLANG_WARN_SUSPICIOUS_MOVES = YES;
				CLANG_WARN_UNREACHABLE_CODE = YES;
				CLANG_WARN__DUPLICATE_METHOD_MATCH = YES;
				"CODE_SIGN_IDENTITY[sdk=iphoneos*]" = "iPhone Developer";
				COPY_PHASE_STRIP = NO;
				DEBUG_INFORMATION_FORMAT = "dwarf-with-dsym";
				ENABLE_NS_ASSERTIONS = NO;
				ENABLE_STRICT_OBJC_MSGSEND = YES;
				GCC_C_LANGUAGE_STANDARD = gnu99;
				GCC_NO_COMMON_BLOCKS = YES;
				GCC_WARN_64_TO_32_BIT_CONVERSION = YES;
				GCC_WARN_ABOUT_RETURN_TYPE = YES_ERROR;
				GCC_WARN_UNDECLARED_SELECTOR = YES;
				GCC_WARN_UNINITIALIZED_AUTOS = YES_AGGRESSIVE;
				GCC_WARN_UNUSED_FUNCTION = YES;
				GCC_WARN_UNUSED_VARIABLE = YES;
				IPHONEOS_DEPLOYMENT_TARGET = 10.1;
				MTL_ENABLE_DEBUG_INFO = NO;
				SDKROOT = iphoneos;
				VALIDATE_PRODUCT = YES;
			};
			name = Release;
		};
		0493CD7C1E67ABC8005AFFB5 /* Debug */ = {
			isa = XCBuildConfiguration;
			buildSettings = {
				ASSETCATALOG_COMPILER_APPICON_NAME = AppIcon;
				INFOPLIST_FILE = RuntimeSummary/Info.plist;
				LD_RUNPATH_SEARCH_PATHS = "$(inherited) @executable_path/Frameworks";
				PRODUCT_BUNDLE_IDENTIFIER = com.RuntimeSummary;
				PRODUCT_NAME = "$(TARGET_NAME)";
			};
			name = Debug;
		};
		0493CD7D1E67ABC8005AFFB5 /* Release */ = {
			isa = XCBuildConfiguration;
			buildSettings = {
				ASSETCATALOG_COMPILER_APPICON_NAME = AppIcon;
				INFOPLIST_FILE = RuntimeSummary/Info.plist;
				LD_RUNPATH_SEARCH_PATHS = "$(inherited) @executable_path/Frameworks";
				PRODUCT_BUNDLE_IDENTIFIER = com.RuntimeSummary;
				PRODUCT_NAME = "$(TARGET_NAME)";
			};
			name = Release;
		};
/* End XCBuildConfiguration section */

/* Begin XCConfigurationList section */
		0493CD5F1E67ABC7005AFFB5 /* Build configuration list for PBXProject "RuntimeSummary" */ = {
			isa = XCConfigurationList;
			buildConfigurations = (
				0493CD791E67ABC8005AFFB5 /* Debug */,
				0493CD7A1E67ABC8005AFFB5 /* Release */,
			);
			defaultConfigurationIsVisible = 0;
			defaultConfigurationName = Release;
		};
		0493CD7B1E67ABC8005AFFB5 /* Build configuration list for PBXNativeTarget "RuntimeSummary" */ = {
			isa = XCConfigurationList;
			buildConfigurations = (
				0493CD7C1E67ABC8005AFFB5 /* Debug */,
				0493CD7D1E67ABC8005AFFB5 /* Release */,
			);
			defaultConfigurationIsVisible = 0;
		};
/* End XCConfigurationList section */
	};
	rootObject = 0493CD5C1E67ABC7005AFFB5 /* Project object */;
}
